
Microsoft Visual Studio Solution File, Format Version 11.00
# Visual Studio 2010
Project("{8BC9CEB8-8B4A-11D0-8D11-00A0C91BC942}") = "MySolarSystem", "MySolarSystem\MySolarSystem.vcxproj", "{D596B326-9571-4F22-AAB6-D0D240895DD9}"
EndProject
Global
	GlobalSection(SolutionConfigurationPlatforms) = preSolution
		Debug|Win32 = Debug|Win32
		Release|Win32 = Release|Win32
	EndGlobalSection
	GlobalSection(ProjectConfigurationPlatforms) = postSolution
		{D596B326-9571-4F22-AAB6-D0D240895DD9}.Debug|Win32.ActiveCfg = Debug|Win32
		{D596B326-9571-4F22-AAB6-D0D240895DD9}.Debug|Win32.Build.0 = Debug|Win32
		{D596B326-9571-4F22-AAB6-D0D240895DD9}.Release|Win32.ActiveCfg = Release|Win32
		{D596B326-9571-4F22-AAB6-D0D240895DD9}.Release|Win32.Build.0 = Release|Win32
	EndGlobalSection
	GlobalSection(SolutionProperties) = preSolution
		HideSolutionNode = FALSE
	EndGlobalSection
EndGlobal
